
Microsoft Visual Studio Solution File, Format Version 12.00
# Visual Studio 15
VisualStudioVersion = 15.0.27130.2003
MinimumVisualStudioVersion = 10.0.40219.1
Project("{9A19103F-16F7-4668-BE54-9A1E7A4F7556}") = "Task01Vehicles", "Task01Vehicles\Task01Vehicles.csproj", "{136349C2-25D8-45A0-9B4F-8078838A6317}"
EndProject
Project("{FAE04EC0-301F-11D3-BF4B-00C04F79EFBC}") = "Task02WildFarm", "Task02WildFarm\Task02WildFarm.csproj", "{F67496D1-38CD-4121-A3EF-A4988E526414}"
EndProject
Global
	GlobalSection(SolutionConfigurationPlatforms) = preSolution
		Debug|Any CPU = Debug|Any CPU
		Release|Any CPU = Release|Any CPU
	EndGlobalSection
	GlobalSection(ProjectConfigurationPlatforms) = postSolution
		{136349C2-25D8-45A0-9B4F-8078838A6317}.Debug|Any CPU.ActiveCfg = Debug|Any CPU
		{136349C2-25D8-45A0-9B4F-8078838A6317}.Debug|Any CPU.Build.0 = Debug|Any CPU
		{136349C2-25D8-45A0-9B4F-8078838A6317}.Release|Any CPU.ActiveCfg = Release|Any CPU
		{136349C2-25D8-45A0-9B4F-8078838A6317}.Release|Any CPU.Build.0 = Release|Any CPU
		{F67496D1-38CD-4121-A3EF-A4988E526414}.Debug|Any CPU.ActiveCfg = Debug|Any CPU
		{F67496D1-38CD-4121-A3EF-A4988E526414}.Debug|Any CPU.Build.0 = Debug|Any CPU
		{F67496D1-38CD-4121-A3EF-A4988E526414}.Release|Any CPU.ActiveCfg = Release|Any CPU
		{F67496D1-38CD-4121-A3EF-A4988E526414}.Release|Any CPU.Build.0 = Release|Any CPU
	EndGlobalSection
	GlobalSection(SolutionProperties) = preSolution
		HideSolutionNode = FALSE
	EndGlobalSection
	GlobalSection(ExtensibilityGlobals) = postSolution
		SolutionGuid = {7751C10E-5360-484E-ABA5-9296572A2618}
	EndGlobalSection
EndGlobal
