
Microsoft Visual Studio Solution File, Format Version 12.00
# Visual Studio 15
VisualStudioVersion = 15.0.27428.2002
MinimumVisualStudioVersion = 10.0.40219.1
Project("{FAE04EC0-301F-11D3-BF4B-00C04F79EFBC}") = "SystemSplit", "SystemSplit\SystemSplit.csproj", "{540D3C99-35FC-431D-BAC2-002738B554F0}"
EndProject
Global
	GlobalSection(SolutionConfigurationPlatforms) = preSolution
		Debug|Any CPU = Debug|Any CPU
		Release|Any CPU = Release|Any CPU
	EndGlobalSection
	GlobalSection(ProjectConfigurationPlatforms) = postSolution
		{540D3C99-35FC-431D-BAC2-002738B554F0}.Debug|Any CPU.ActiveCfg = Debug|Any CPU
		{540D3C99-35FC-431D-BAC2-002738B554F0}.Debug|Any CPU.Build.0 = Debug|Any CPU
		{540D3C99-35FC-431D-BAC2-002738B554F0}.Release|Any CPU.ActiveCfg = Release|Any CPU
		{540D3C99-35FC-431D-BAC2-002738B554F0}.Release|Any CPU.Build.0 = Release|Any CPU
	EndGlobalSection
	GlobalSection(SolutionProperties) = preSolution
		HideSolutionNode = FALSE
	EndGlobalSection
	GlobalSection(ExtensibilityGlobals) = postSolution
		SolutionGuid = {2C4F2B89-0320-4159-9820-1C51C4177F43}
	EndGlobalSection
EndGlobal
