
Microsoft Visual Studio Solution File, Format Version 12.00
# Visual Studio 15
VisualStudioVersion = 15.0.27130.2003
MinimumVisualStudioVersion = 10.0.40219.1
Project("{FAE04EC0-301F-11D3-BF4B-00C04F79EFBC}") = "Task01Shapes", "Task01Shapes\Task01Shapes.csproj", "{EA79C8AA-31E5-478D-90DE-27AE190B1E64}"
EndProject
Project("{FAE04EC0-301F-11D3-BF4B-00C04F79EFBC}") = "Task02Cars", "Task02Cars\Task02Cars.csproj", "{2C5F046E-54DC-4B9B-B220-9FAA96DD8705}"
EndProject
Global
	GlobalSection(SolutionConfigurationPlatforms) = preSolution
		Debug|Any CPU = Debug|Any CPU
		Release|Any CPU = Release|Any CPU
	EndGlobalSection
	GlobalSection(ProjectConfigurationPlatforms) = postSolution
		{EA79C8AA-31E5-478D-90DE-27AE190B1E64}.Debug|Any CPU.ActiveCfg = Debug|Any CPU
		{EA79C8AA-31E5-478D-90DE-27AE190B1E64}.Debug|Any CPU.Build.0 = Debug|Any CPU
		{EA79C8AA-31E5-478D-90DE-27AE190B1E64}.Release|Any CPU.ActiveCfg = Release|Any CPU
		{EA79C8AA-31E5-478D-90DE-27AE190B1E64}.Release|Any CPU.Build.0 = Release|Any CPU
		{2C5F046E-54DC-4B9B-B220-9FAA96DD8705}.Debug|Any CPU.ActiveCfg = Debug|Any CPU
		{2C5F046E-54DC-4B9B-B220-9FAA96DD8705}.Debug|Any CPU.Build.0 = Debug|Any CPU
		{2C5F046E-54DC-4B9B-B220-9FAA96DD8705}.Release|Any CPU.ActiveCfg = Release|Any CPU
		{2C5F046E-54DC-4B9B-B220-9FAA96DD8705}.Release|Any CPU.Build.0 = Release|Any CPU
	EndGlobalSection
	GlobalSection(SolutionProperties) = preSolution
		HideSolutionNode = FALSE
	EndGlobalSection
	GlobalSection(ExtensibilityGlobals) = postSolution
		SolutionGuid = {85C1A827-CF6C-4955-9EB6-59F0150C063A}
	EndGlobalSection
EndGlobal
